
Microsoft Visual Studio Solution File, Format Version 12.00
# Visual Studio Version 17
VisualStudioVersion = 17.7.34221.43
MinimumVisualStudioVersion = 10.0.40219.1
Project("{FAE04EC0-301F-11D3-BF4B-00C04F79EFBC}") = "BD2", "BD2\BD2.csproj", "{80DD9875-955E-4945-AA1D-FE61204DB823}"
EndProject
Global
	GlobalSection(SolutionConfigurationPlatforms) = preSolution
		Debug|Any CPU = Debug|Any CPU
		Release|Any CPU = Release|Any CPU
	EndGlobalSection
	GlobalSection(ProjectConfigurationPlatforms) = postSolution
		{80DD9875-955E-4945-AA1D-FE61204DB823}.Debug|Any CPU.ActiveCfg = Debug|Any CPU
		{80DD9875-955E-4945-AA1D-FE61204DB823}.Debug|Any CPU.Build.0 = Debug|Any CPU
		{80DD9875-955E-4945-AA1D-FE61204DB823}.Release|Any CPU.ActiveCfg = Release|Any CPU
		{80DD9875-955E-4945-AA1D-FE61204DB823}.Release|Any CPU.Build.0 = Release|Any CPU
	EndGlobalSection
	GlobalSection(SolutionProperties) = preSolution
		HideSolutionNode = FALSE
	EndGlobalSection
	GlobalSection(ExtensibilityGlobals) = postSolution
		SolutionGuid = {F630FCCA-1E65-44A1-80EE-3B5DF2CB8874}
	EndGlobalSection
EndGlobal
